
Microsoft Visual Studio Solution File, Format Version 12.00
# Visual Studio Version 16
VisualStudioVersion = 16.0.29519.87
MinimumVisualStudioVersion = 10.0.40219.1
Project("{FAE04EC0-301F-11D3-BF4B-00C04F79EFBC}") = "SciCalRafa", "SciCalRafa\SciCalRafa.csproj", "{62E4C0C3-D571-4A31-A2B3-4875C86699DE}"
EndProject
Global
	GlobalSection(SolutionConfigurationPlatforms) = preSolution
		Debug|Any CPU = Debug|Any CPU
		Release|Any CPU = Release|Any CPU
	EndGlobalSection
	GlobalSection(ProjectConfigurationPlatforms) = postSolution
		{62E4C0C3-D571-4A31-A2B3-4875C86699DE}.Debug|Any CPU.ActiveCfg = Debug|Any CPU
		{62E4C0C3-D571-4A31-A2B3-4875C86699DE}.Debug|Any CPU.Build.0 = Debug|Any CPU
		{62E4C0C3-D571-4A31-A2B3-4875C86699DE}.Release|Any CPU.ActiveCfg = Release|Any CPU
		{62E4C0C3-D571-4A31-A2B3-4875C86699DE}.Release|Any CPU.Build.0 = Release|Any CPU
	EndGlobalSection
	GlobalSection(SolutionProperties) = preSolution
		HideSolutionNode = FALSE
	EndGlobalSection
	GlobalSection(ExtensibilityGlobals) = postSolution
		SolutionGuid = {DF8405A5-EF8C-412E-9727-9EB0522496BD}
	EndGlobalSection
EndGlobal
